
Microsoft Visual Studio Solution File, Format Version 12.00
# Visual Studio Version 17
VisualStudioVersion = 17.0.31903.59
MinimumVisualStudioVersion = 10.0.40219.1
Project("{2150E333-8FDC-42A3-9474-1A3956D46DE8}") = "src", "src", "{D5170B04-22C4-47B4-8F93-AD001B0F8C1C}"
EndProject
Project("{9A19103F-16F7-4668-BE54-9A1E7A4F7556}") = "Domaineer.WebApp", "src\Domaineer.WebApp\Domaineer.WebApp.csproj", "{CBD75612-AA2C-47C4-91AD-9659E2494DA5}"
EndProject
Global
	GlobalSection(SolutionConfigurationPlatforms) = preSolution
		Debug|Any CPU = Debug|Any CPU
		Release|Any CPU = Release|Any CPU
	EndGlobalSection
	GlobalSection(ProjectConfigurationPlatforms) = postSolution
		{CBD75612-AA2C-47C4-91AD-9659E2494DA5}.Debug|Any CPU.ActiveCfg = Debug|Any CPU
		{CBD75612-AA2C-47C4-91AD-9659E2494DA5}.Debug|Any CPU.Build.0 = Debug|Any CPU
		{CBD75612-AA2C-47C4-91AD-9659E2494DA5}.Release|Any CPU.ActiveCfg = Release|Any CPU
		{CBD75612-AA2C-47C4-91AD-9659E2494DA5}.Release|Any CPU.Build.0 = Release|Any CPU
	EndGlobalSection
	GlobalSection(SolutionProperties) = preSolution
		HideSolutionNode = FALSE
	EndGlobalSection
	GlobalSection(NestedProjects) = preSolution
		{CBD75612-AA2C-47C4-91AD-9659E2494DA5} = {D5170B04-22C4-47B4-8F93-AD001B0F8C1C}
	EndGlobalSection
	GlobalSection(ExtensibilityGlobals) = postSolution
		SolutionGuid = {831AEDE8-8D8B-4A16-9C97-23CEFBA0972A}
	EndGlobalSection
EndGlobal
